
Microsoft Visual Studio Solution File, Format Version 12.00
# Visual Studio Version 16
VisualStudioVersion = 16.0.31613.86
MinimumVisualStudioVersion = 10.0.40219.1
Project("{8BC9CEB8-8B4A-11D0-8D11-00A0C91BC942}") = "Proyecto1", "Proyecto1.vcxproj", "{AB1EA337-EF83-4269-9403-6677B8005D97}"
EndProject
Global
	GlobalSection(SolutionConfigurationPlatforms) = preSolution
		Debug|x64 = Debug|x64
		Debug|x86 = Debug|x86
		Release|x64 = Release|x64
		Release|x86 = Release|x86
	EndGlobalSection
	GlobalSection(ProjectConfigurationPlatforms) = postSolution
		{AB1EA337-EF83-4269-9403-6677B8005D97}.Debug|x64.ActiveCfg = Debug|x64
		{AB1EA337-EF83-4269-9403-6677B8005D97}.Debug|x64.Build.0 = Debug|x64
		{AB1EA337-EF83-4269-9403-6677B8005D97}.Debug|x86.ActiveCfg = Debug|Win32
		{AB1EA337-EF83-4269-9403-6677B8005D97}.Debug|x86.Build.0 = Debug|Win32
		{AB1EA337-EF83-4269-9403-6677B8005D97}.Release|x64.ActiveCfg = Release|x64
		{AB1EA337-EF83-4269-9403-6677B8005D97}.Release|x64.Build.0 = Release|x64
		{AB1EA337-EF83-4269-9403-6677B8005D97}.Release|x86.ActiveCfg = Release|Win32
		{AB1EA337-EF83-4269-9403-6677B8005D97}.Release|x86.Build.0 = Release|Win32
	EndGlobalSection
	GlobalSection(SolutionProperties) = preSolution
		HideSolutionNode = FALSE
	EndGlobalSection
	GlobalSection(ExtensibilityGlobals) = postSolution
		SolutionGuid = {D89F6550-BF3E-4037-B1B5-804AEBE5F426}
	EndGlobalSection
EndGlobal
